// !$*UTF8*$!
{
	archiveVersion = 1;
	classes = {
	};
	objectVersion = 46;
	objects = {

/* Begin PBXBuildFile section */
		F9C4C6E31F1955A0002AD182 /* AppDelegate.swift in Sources */ = {isa = PBXBuildFile; fileRef = F9C4C6E21F1955A0002AD182 /* AppDelegate.swift */; };
		F9C4C6E51F1955A0002AD182 /* ViewController.swift in Sources */ = {isa = PBXBuildFile; fileRef = F9C4C6E41F1955A0002AD182 /* ViewController.swift */; };
		F9C4C6E81F1955A0002AD182 /* Main.storyboard in Resources */ = {isa = PBXBuildFile; fileRef = F9C4C6E61F1955A0002AD182 /* Main.storyboard */; };
		F9C4C6EA1F1955A0002AD182 /* Assets.xcassets in Resources */ = {isa = PBXBuildFile; fileRef = F9C4C6E91F1955A0002AD182 /* Assets.xcassets */; };
		F9C4C6ED1F1955A0002AD182 /* LaunchScreen.storyboard in Resources */ = {isa = PBXBuildFile; fileRef = F9C4C6EB1F1955A0002AD182 /* LaunchScreen.storyboard */; };
		F9C4C6F61F195B83002AD182 /* RedditTableViewCell.swift in Sources */ = {isa = PBXBuildFile; fileRef = F9C4C6F51F195B83002AD182 /* RedditTableViewCell.swift */; };
		F9C4C6FB1F198147002AD182 /* UIImageView+fromServer.swift in Sources */ = {isa = PBXBuildFile; fileRef = F9C4C6FA1F198147002AD182 /* UIImageView+fromServer.swift */; };
/* End PBXBuildFile section */

/* Begin PBXFileReference section */
		F9C4C6DF1F1955A0002AD182 /* RedditTop50.app */ = {isa = PBXFileReference; explicitFileType = wrapper.application; includeInIndex = 0; path = RedditTop50.app; sourceTree = BUILT_PRODUCTS_DIR; };
		F9C4C6E21F1955A0002AD182 /* AppDelegate.swift */ = {isa = PBXFileReference; lastKnownFileType = sourcecode.swift; path = AppDelegate.swift; sourceTree = "<group>"; };
		F9C4C6E41F1955A0002AD182 /* ViewController.swift */ = {isa = PBXFileReference; lastKnownFileType = sourcecode.swift; path = ViewController.swift; sourceTree = "<group>"; };
		F9C4C6E71F1955A0002AD182 /* Base */ = {isa = PBXFileReference; lastKnownFileType = file.storyboard; name = Base; path = Base.lproj/Main.storyboard; sourceTree = "<group>"; };
		F9C4C6E91F1955A0002AD182 /* Assets.xcassets */ = {isa = PBXFileReference; lastKnownFileType = folder.assetcatalog; path = Assets.xcassets; sourceTree = "<group>"; };
		F9C4C6EC1F1955A0002AD182 /* Base */ = {isa = PBXFileReference; lastKnownFileType = file.storyboard; name = Base; path = Base.lproj/LaunchScreen.storyboard; sourceTree = "<group>"; };
		F9C4C6EE1F1955A0002AD182 /* Info.plist */ = {isa = PBXFileReference; lastKnownFileType = text.plist.xml; path = Info.plist; sourceTree = "<group>"; };
		F9C4C6F51F195B83002AD182 /* RedditTableViewCell.swift */ = {isa = PBXFileReference; fileEncoding = 4; lastKnownFileType = sourcecode.swift; name = RedditTableViewCell.swift; path = Views/RedditTableViewCell.swift; sourceTree = "<group>"; };
		F9C4C6FA1F198147002AD182 /* UIImageView+fromServer.swift */ = {isa = PBXFileReference; fileEncoding = 4; lastKnownFileType = sourcecode.swift; name = "UIImageView+fromServer.swift"; path = "Views/UIImageView+fromServer.swift"; sourceTree = "<group>"; };
/* End PBXFileReference section */

/* Begin PBXFrameworksBuildPhase section */
		F9C4C6DC1F1955A0002AD182 /* Frameworks */ = {
			isa = PBXFrameworksBuildPhase;
			buildActionMask = 2147483647;
			files = (
			);
			runOnlyForDeploymentPostprocessing = 0;
		};
/* End PBXFrameworksBuildPhase section */

/* Begin PBXGroup section */
		F9C4C6D61F1955A0002AD182 = {
			isa = PBXGroup;
			children = (
				F9C4C6E11F1955A0002AD182 /* RedditTop50 */,
				F9C4C6E01F1955A0002AD182 /* Products */,
			);
			sourceTree = "<group>";
		};
		F9C4C6E01F1955A0002AD182 /* Products */ = {
			isa = PBXGroup;
			children = (
				F9C4C6DF1F1955A0002AD182 /* RedditTop50.app */,
			);
			name = Products;
			sourceTree = "<group>";
		};
		F9C4C6E11F1955A0002AD182 /* RedditTop50 */ = {
			isa = PBXGroup;
			children = (
				F9C4C6E21F1955A0002AD182 /* AppDelegate.swift */,
				F9C4C6E41F1955A0002AD182 /* ViewController.swift */,
				F9C4C6F41F19591F002AD182 /* Views */,
				F9C4C6F71F1972B5002AD182 /* Models */,
				F9C4C6E61F1955A0002AD182 /* Main.storyboard */,
				F9C4C6E91F1955A0002AD182 /* Assets.xcassets */,
				F9C4C6EB1F1955A0002AD182 /* LaunchScreen.storyboard */,
				F9C4C6EE1F1955A0002AD182 /* Info.plist */,
			);
			path = RedditTop50;
			sourceTree = "<group>";
		};
		F9C4C6F41F19591F002AD182 /* Views */ = {
			isa = PBXGroup;
			children = (
				F9C4C6F51F195B83002AD182 /* RedditTableViewCell.swift */,
				F9C4C6FA1F198147002AD182 /* UIImageView+fromServer.swift */,
			);
			name = Views;
			sourceTree = "<group>";
		};
		F9C4C6F71F1972B5002AD182 /* Models */ = {
			isa = PBXGroup;
			children = (
			);
			name = Models;
			sourceTree = "<group>";
		};
/* End PBXGroup section */

/* Begin PBXNativeTarget section */
		F9C4C6DE1F1955A0002AD182 /* RedditTop50 */ = {
			isa = PBXNativeTarget;
			buildConfigurationList = F9C4C6F11F1955A0002AD182 /* Build configuration list for PBXNativeTarget "RedditTop50" */;
			buildPhases = (
				F9C4C6DB1F1955A0002AD182 /* Sources */,
				F9C4C6DC1F1955A0002AD182 /* Frameworks */,
				F9C4C6DD1F1955A0002AD182 /* Resources */,
			);
			buildRules = (
			);
			dependencies = (
			);
			name = RedditTop50;
			productName = RedditTop50;
			productReference = F9C4C6DF1F1955A0002AD182 /* RedditTop50.app */;
			productType = "com.apple.product-type.application";
		};
/* End PBXNativeTarget section */

/* Begin PBXProject section */
		F9C4C6D71F1955A0002AD182 /* Project object */ = {
			isa = PBXProject;
			attributes = {
				LastSwiftUpdateCheck = 0830;
				LastUpgradeCheck = 0830;
				ORGANIZATIONNAME = "Thomas Baltodano";
				TargetAttributes = {
					F9C4C6DE1F1955A0002AD182 = {
						CreatedOnToolsVersion = 8.3.1;
						DevelopmentTeam = FTNUXBUR7F;
						ProvisioningStyle = Automatic;
					};
				};
			};
			buildConfigurationList = F9C4C6DA1F1955A0002AD182 /* Build configuration list for PBXProject "RedditTop50" */;
			compatibilityVersion = "Xcode 3.2";
			developmentRegion = English;
			hasScannedForEncodings = 0;
			knownRegions = (
				en,
				Base,
			);
			mainGroup = F9C4C6D61F1955A0002AD182;
			productRefGroup = F9C4C6E01F1955A0002AD182 /* Products */;
			projectDirPath = "";
			projectRoot = "";
			targets = (
				F9C4C6DE1F1955A0002AD182 /* RedditTop50 */,
			);
		};
/* End PBXProject section */

/* Begin PBXResourcesBuildPhase section */
		F9C4C6DD1F1955A0002AD182 /* Resources */ = {
			isa = PBXResourcesBuildPhase;
			buildActionMask = 2147483647;
			files = (
				F9C4C6ED1F1955A0002AD182 /* LaunchScreen.storyboard in Resources */,
				F9C4C6EA1F1955A0002AD182 /* Assets.xcassets in Resources */,
				F9C4C6E81F1955A0002AD182 /* Main.storyboard in Resources */,
			);
			runOnlyForDeploymentPostprocessing = 0;
		};
/* End PBXResourcesBuildPhase section */

/* Begin PBXSourcesBuildPhase section */
		F9C4C6DB1F1955A0002AD182 /* Sources */ = {
			isa = PBXSourcesBuildPhase;
			buildActionMask = 2147483647;
			files = (
				F9C4C6FB1F198147002AD182 /* UIImageView+fromServer.swift in Sources */,
				F9C4C6E51F1955A0002AD182 /* ViewController.swift in Sources */,
				F9C4C6E31F1955A0002AD182 /* AppDelegate.swift in Sources */,
				F9C4C6F61F195B83002AD182 /* RedditTableViewCell.swift in Sources */,
			);
			runOnlyForDeploymentPostprocessing = 0;
		};
/* End PBXSourcesBuildPhase section */

/* Begin PBXVariantGroup section */
		F9C4C6E61F1955A0002AD182 /* Main.storyboard */ = {
			isa = PBXVariantGroup;
			children = (
				F9C4C6E71F1955A0002AD182 /* Base */,
			);
			name = Main.storyboard;
			sourceTree = "<group>";
		};
		F9C4C6EB1F1955A0002AD182 /* LaunchScreen.storyboard */ = {
			isa = PBXVariantGroup;
			children = (
				F9C4C6EC1F1955A0002AD182 /* Base */,
			);
			name = LaunchScreen.storyboard;
			sourceTree = "<group>";
		};
/* End PBXVariantGroup section */

/* Begin XCBuildConfiguration section */
		F9C4C6EF1F1955A0002AD182 /* Debug */ = {
			isa = XCBuildConfiguration;
			buildSettings = {
				ALWAYS_SEARCH_USER_PATHS = NO;
				CLANG_ANALYZER_NONNULL = YES;
				CLANG_ANALYZER_NUMBER_OBJECT_CONVERSION = YES_AGGRESSIVE;
				CLANG_CXX_LANGUAGE_STANDARD = "gnu++0x";
				CLANG_CXX_LIBRARY = "libc++";
				CLANG_ENABLE_MODULES = YES;
				CLANG_ENABLE_OBJC_ARC = YES;
				CLANG_WARN_BOOL_CONVERSION = YES;
				CLANG_WARN_CONSTANT_CONVERSION = YES;
				CLANG_WARN_DIRECT_OBJC_ISA_USAGE = YES_ERROR;
				CLANG_WARN_DOCUMENTATION_COMMENTS = YES;
				CLANG_WARN_EMPTY_BODY = YES;
				CLANG_WARN_ENUM_CONVERSION = YES;
				CLANG_WARN_INFINITE_RECURSION = YES;
				CLANG_WARN_INT_CONVERSION = YES;
				CLANG_WARN_OBJC_ROOT_CLASS = YES_ERROR;
				CLANG_WARN_SUSPICIOUS_MOVE = YES;
				CLANG_WARN_UNREACHABLE_CODE = YES;
				CLANG_WARN__DUPLICATE_METHOD_MATCH = YES;
				"CODE_SIGN_IDENTITY[sdk=iphoneos*]" = "iPhone Developer";
				COPY_PHASE_STRIP = NO;
				DEBUG_INFORMATION_FORMAT = dwarf;
				ENABLE_STRICT_OBJC_MSGSEND = YES;
				ENABLE_TESTABILITY = YES;
				GCC_C_LANGUAGE_STANDARD = gnu99;
				GCC_DYNAMIC_NO_PIC = NO;
				GCC_NO_COMMON_BLOCKS = YES;
				GCC_OPTIMIZATION_LEVEL = 0;
				GCC_PREPROCESSOR_DEFINITIONS = (
					"DEBUG=1",
					"$(inherited)",
				);
				GCC_WARN_64_TO_32_BIT_CONVERSION = YES;
				GCC_WARN_ABOUT_RETURN_TYPE = YES_ERROR;
				GCC_WARN_UNDECLARED_SELECTOR = YES;
				GCC_WARN_UNINITIALIZED_AUTOS = YES_AGGRESSIVE;
				GCC_WARN_UNUSED_FUNCTION = YES;
				GCC_WARN_UNUSED_VARIABLE = YES;
				IPHONEOS_DEPLOYMENT_TARGET = 10.3;
				MTL_ENABLE_DEBUG_INFO = YES;
				ONLY_ACTIVE_ARCH = YES;
				SDKROOT = iphoneos;
				SWIFT_ACTIVE_COMPILATION_CONDITIONS = DEBUG;
				SWIFT_OPTIMIZATION_LEVEL = "-Onone";
				TARGETED_DEVICE_FAMILY = "1,2";
			};
			name = Debug;
		};
		F9C4C6F01F1955A0002AD182 /* Release */ = {
			isa = XCBuildConfiguration;
			buildSettings = {
				ALWAYS_SEARCH_USER_PATHS = NO;
				CLANG_ANALYZER_NONNULL = YES;
				CLANG_ANALYZER_NUMBER_OBJECT_CONVERSION = YES_AGGRESSIVE;
				CLANG_CXX_LANGUAGE_STANDARD = "gnu++0x";
				CLANG_CXX_LIBRARY = "libc++";
				CLANG_ENABLE_MODULES = YES;
				CLANG_ENABLE_OBJC_ARC = YES;
				CLANG_WARN_BOOL_CONVERSION = YES;
				CLANG_WARN_CONSTANT_CONVERSION = YES;
				CLANG_WARN_DIRECT_OBJC_ISA_USAGE = YES_ERROR;
				CLANG_WARN_DOCUMENTATION_COMMENTS = YES;
				CLANG_WARN_EMPTY_BODY = YES;
				CLANG_WARN_ENUM_CONVERSION = YES;
				CLANG_WARN_INFINITE_RECURSION = YES;
				CLANG_WARN_INT_CONVERSION = YES;
				CLANG_WARN_OBJC_ROOT_CLASS = YES_ERROR;
				CLANG_WARN_SUSPICIOUS_MOVE = YES;
				CLANG_WARN_UNREACHABLE_CODE = YES;
				CLANG_WARN__DUPLICATE_METHOD_MATCH = YES;
				"CODE_SIGN_IDENTITY[sdk=iphoneos*]" = "iPhone Developer";
				COPY_PHASE_STRIP = NO;
				DEBUG_INFORMATION_FORMAT = "dwarf-with-dsym";
				ENABLE_NS_ASSERTIONS = NO;
				ENABLE_STRICT_OBJC_MSGSEND = YES;
				GCC_C_LANGUAGE_STANDARD = gnu99;
				GCC_NO_COMMON_BLOCKS = YES;
				GCC_WARN_64_TO_32_BIT_CONVERSION = YES;
				GCC_WARN_ABOUT_RETURN_TYPE = YES_ERROR;
				GCC_WARN_UNDECLARED_SELECTOR = YES;
				GCC_WARN_UNINITIALIZED_AUTOS = YES_AGGRESSIVE;
				GCC_WARN_UNUSED_FUNCTION = YES;
				GCC_WARN_UNUSED_VARIABLE = YES;
				IPHONEOS_DEPLOYMENT_TARGET = 10.3;
				MTL_ENABLE_DEBUG_INFO = NO;
				SDKROOT = iphoneos;
				SWIFT_OPTIMIZATION_LEVEL = "-Owholemodule";
				TARGETED_DEVICE_FAMILY = "1,2";
				VALIDATE_PRODUCT = YES;
			};
			name = Release;
		};
		F9C4C6F21F1955A0002AD182 /* Debug */ = {
			isa = XCBuildConfiguration;
			buildSettings = {
				ASSETCATALOG_COMPILER_APPICON_NAME = AppIcon;
				DEVELOPMENT_TEAM = FTNUXBUR7F;
				INFOPLIST_FILE = RedditTop50/Info.plist;
				IPHONEOS_DEPLOYMENT_TARGET = 10.0;
				LD_RUNPATH_SEARCH_PATHS = "$(inherited) @executable_path/Frameworks";
				PRODUCT_BUNDLE_IDENTIFIER = com.happystudios.RedditTop50;
				PRODUCT_NAME = "$(TARGET_NAME)";
				SWIFT_VERSION = 3.0;
			};
			name = Debug;
		};
		F9C4C6F31F1955A0002AD182 /* Release */ = {
			isa = XCBuildConfiguration;
			buildSettings = {
				ASSETCATALOG_COMPILER_APPICON_NAME = AppIcon;
				DEVELOPMENT_TEAM = FTNUXBUR7F;
				INFOPLIST_FILE = RedditTop50/Info.plist;
				IPHONEOS_DEPLOYMENT_TARGET = 10.0;
				LD_RUNPATH_SEARCH_PATHS = "$(inherited) @executable_path/Frameworks";
				PRODUCT_BUNDLE_IDENTIFIER = com.happystudios.RedditTop50;
				PRODUCT_NAME = "$(TARGET_NAME)";
				SWIFT_VERSION = 3.0;
			};
			name = Release;
		};
/* End XCBuildConfiguration section */

/* Begin XCConfigurationList section */
		F9C4C6DA1F1955A0002AD182 /* Build configuration list for PBXProject "RedditTop50" */ = {
			isa = XCConfigurationList;
			buildConfigurations = (
				F9C4C6EF1F1955A0002AD182 /* Debug */,
				F9C4C6F01F1955A0002AD182 /* Release */,
			);
			defaultConfigurationIsVisible = 0;
			defaultConfigurationName = Release;
		};
		F9C4C6F11F1955A0002AD182 /* Build configuration list for PBXNativeTarget "RedditTop50" */ = {
			isa = XCConfigurationList;
			buildConfigurations = (
				F9C4C6F21F1955A0002AD182 /* Debug */,
				F9C4C6F31F1955A0002AD182 /* Release */,
			);
			defaultConfigurationIsVisible = 0;
		};
/* End XCConfigurationList section */
	};
	rootObject = F9C4C6D71F1955A0002AD182 /* Project object */;
}
